// !$*UTF8*$!
{
	archiveVersion = 1;
	classes = {
	};
	objectVersion = 55;
	objects = {

/* Begin PBXBuildFile section */
		019F43B1AB108000EBDA0CA8 /* Pods_FirebaseSample.framework in Frameworks */ = {isa = PBXBuildFile; fileRef = 5E619F466018ECAD8703D527 /* Pods_FirebaseSample.framework */; };
		7F148B3727DE0BA000E7D496 /* CommentCell.swift in Sources */ = {isa = PBXBuildFile; fileRef = 7F148B3627DE0BA000E7D496 /* CommentCell.swift */; };
		7F148B3927DE1FBA00E7D496 /* RoomCell.swift in Sources */ = {isa = PBXBuildFile; fileRef = 7F148B3827DE1FBA00E7D496 /* RoomCell.swift */; };
		7F148B3B27DE52CB00E7D496 /* ColorExtention.swift in Sources */ = {isa = PBXBuildFile; fileRef = 7F148B3A27DE52CB00E7D496 /* ColorExtention.swift */; };
		7F8EFAFF279457E9008F1D6F /* ChatView.swift in Sources */ = {isa = PBXBuildFile; fileRef = 7F8EFAFE279457E9008F1D6F /* ChatView.swift */; };
		7FE4BE2F27887CF300D0F4C6 /* FirebaseSampleApp.swift in Sources */ = {isa = PBXBuildFile; fileRef = 7FE4BE2E27887CF300D0F4C6 /* FirebaseSampleApp.swift */; };
		7FE4BE3127887CF300D0F4C6 /* ContentView.swift in Sources */ = {isa = PBXBuildFile; fileRef = 7FE4BE3027887CF300D0F4C6 /* ContentView.swift */; };
		7FE4BE3327887CF700D0F4C6 /* Assets.xcassets in Resources */ = {isa = PBXBuildFile; fileRef = 7FE4BE3227887CF700D0F4C6 /* Assets.xcassets */; };
		7FE4BE3627887CF700D0F4C6 /* Preview Assets.xcassets in Resources */ = {isa = PBXBuildFile; fileRef = 7FE4BE3527887CF700D0F4C6 /* Preview Assets.xcassets */; };
		7FE4BE3D27887DD600D0F4C6 /* GoogleService-Info.plist in Resources */ = {isa = PBXBuildFile; fileRef = 7FE4BE3C27887DD600D0F4C6 /* GoogleService-Info.plist */; };
		7FE4BE592789E49A00D0F4C6 /* MessageModel.swift in Sources */ = {isa = PBXBuildFile; fileRef = 7FE4BE582789E49A00D0F4C6 /* MessageModel.swift */; };
		7FE4BE5B2789E59100D0F4C6 /* RoomModel.swift in Sources */ = {isa = PBXBuildFile; fileRef = 7FE4BE5A2789E59100D0F4C6 /* RoomModel.swift */; };
/* End PBXBuildFile section */

/* Begin PBXFileReference section */
		53CCE4C35BCFB2E4E45186F1 /* Pods-FirebaseSample.release.xcconfig */ = {isa = PBXFileReference; includeInIndex = 1; lastKnownFileType = text.xcconfig; name = "Pods-FirebaseSample.release.xcconfig"; path = "Target Support Files/Pods-FirebaseSample/Pods-FirebaseSample.release.xcconfig"; sourceTree = "<group>"; };
		5E619F466018ECAD8703D527 /* Pods_FirebaseSample.framework */ = {isa = PBXFileReference; explicitFileType = wrapper.framework; includeInIndex = 0; path = Pods_FirebaseSample.framework; sourceTree = BUILT_PRODUCTS_DIR; };
		7F148B3627DE0BA000E7D496 /* CommentCell.swift */ = {isa = PBXFileReference; lastKnownFileType = sourcecode.swift; path = CommentCell.swift; sourceTree = "<group>"; };
		7F148B3827DE1FBA00E7D496 /* RoomCell.swift */ = {isa = PBXFileReference; lastKnownFileType = sourcecode.swift; path = RoomCell.swift; sourceTree = "<group>"; };
		7F148B3A27DE52CB00E7D496 /* ColorExtention.swift */ = {isa = PBXFileReference; lastKnownFileType = sourcecode.swift; path = ColorExtention.swift; sourceTree = "<group>"; };
		7F8EFAFE279457E9008F1D6F /* ChatView.swift */ = {isa = PBXFileReference; lastKnownFileType = sourcecode.swift; path = ChatView.swift; sourceTree = "<group>"; };
		7FE4BE2B27887CF300D0F4C6 /* FirebaseSample.app */ = {isa = PBXFileReference; explicitFileType = wrapper.application; includeInIndex = 0; path = FirebaseSample.app; sourceTree = BUILT_PRODUCTS_DIR; };
		7FE4BE2E27887CF300D0F4C6 /* FirebaseSampleApp.swift */ = {isa = PBXFileReference; lastKnownFileType = sourcecode.swift; path = FirebaseSampleApp.swift; sourceTree = "<group>"; };
		7FE4BE3027887CF300D0F4C6 /* ContentView.swift */ = {isa = PBXFileReference; lastKnownFileType = sourcecode.swift; path = ContentView.swift; sourceTree = "<group>"; };
		7FE4BE3227887CF700D0F4C6 /* Assets.xcassets */ = {isa = PBXFileReference; lastKnownFileType = folder.assetcatalog; path = Assets.xcassets; sourceTree = "<group>"; };
		7FE4BE3527887CF700D0F4C6 /* Preview Assets.xcassets */ = {isa = PBXFileReference; lastKnownFileType = folder.assetcatalog; path = "Preview Assets.xcassets"; sourceTree = "<group>"; };
		7FE4BE3C27887DD600D0F4C6 /* GoogleService-Info.plist */ = {isa = PBXFileReference; fileEncoding = 4; lastKnownFileType = text.plist.xml; path = "GoogleService-Info.plist"; sourceTree = "<group>"; };
		7FE4BE582789E49A00D0F4C6 /* MessageModel.swift */ = {isa = PBXFileReference; lastKnownFileType = sourcecode.swift; path = MessageModel.swift; sourceTree = "<group>"; };
		7FE4BE5A2789E59100D0F4C6 /* RoomModel.swift */ = {isa = PBXFileReference; lastKnownFileType = sourcecode.swift; path = RoomModel.swift; sourceTree = "<group>"; };
		908E911B10B51A7A9BE41100 /* Pods-FirebaseSample.debug.xcconfig */ = {isa = PBXFileReference; includeInIndex = 1; lastKnownFileType = text.xcconfig; name = "Pods-FirebaseSample.debug.xcconfig"; path = "Target Support Files/Pods-FirebaseSample/Pods-FirebaseSample.debug.xcconfig"; sourceTree = "<group>"; };
/* End PBXFileReference section */

/* Begin PBXFrameworksBuildPhase section */
		7FE4BE2827887CF300D0F4C6 /* Frameworks */ = {
			isa = PBXFrameworksBuildPhase;
			buildActionMask = 2147483647;
			files = (
				019F43B1AB108000EBDA0CA8 /* Pods_FirebaseSample.framework in Frameworks */,
			);
			runOnlyForDeploymentPostprocessing = 0;
		};
/* End PBXFrameworksBuildPhase section */

/* Begin PBXGroup section */
		382C2DA7864FE5062DFD0165 /* Frameworks */ = {
			isa = PBXGroup;
			children = (
				5E619F466018ECAD8703D527 /* Pods_FirebaseSample.framework */,
			);
			name = Frameworks;
			sourceTree = "<group>";
		};
		7FE4BE2227887CF300D0F4C6 = {
			isa = PBXGroup;
			children = (
				7FE4BE2D27887CF300D0F4C6 /* FirebaseSample */,
				7FE4BE2C27887CF300D0F4C6 /* Products */,
				EE3B5906AFF41969BFC95146 /* Pods */,
				382C2DA7864FE5062DFD0165 /* Frameworks */,
			);
			sourceTree = "<group>";
		};
		7FE4BE2C27887CF300D0F4C6 /* Products */ = {
			isa = PBXGroup;
			children = (
				7FE4BE2B27887CF300D0F4C6 /* FirebaseSample.app */,
			);
			name = Products;
			sourceTree = "<group>";
		};
		7FE4BE2D27887CF300D0F4C6 /* FirebaseSample */ = {
			isa = PBXGroup;
			children = (
				7FE4BE64278AC25800D0F4C6 /* Model */,
				7FE4BE63278AC25500D0F4C6 /* View */,
				7FE4BE62278AC25100D0F4C6 /* ViewModel */,
				7FE4BE3227887CF700D0F4C6 /* Assets.xcassets */,
				7FE4BE3C27887DD600D0F4C6 /* GoogleService-Info.plist */,
				7FE4BE3427887CF700D0F4C6 /* Preview Content */,
			);
			path = FirebaseSample;
			sourceTree = "<group>";
		};
		7FE4BE3427887CF700D0F4C6 /* Preview Content */ = {
			isa = PBXGroup;
			children = (
				7FE4BE3527887CF700D0F4C6 /* Preview Assets.xcassets */,
			);
			path = "Preview Content";
			sourceTree = "<group>";
		};
		7FE4BE62278AC25100D0F4C6 /* ViewModel */ = {
			isa = PBXGroup;
			children = (
			);
			path = ViewModel;
			sourceTree = "<group>";
		};
		7FE4BE63278AC25500D0F4C6 /* View */ = {
			isa = PBXGroup;
			children = (
				7FE4BE3027887CF300D0F4C6 /* ContentView.swift */,
				7F148B3827DE1FBA00E7D496 /* RoomCell.swift */,
				7F8EFAFE279457E9008F1D6F /* ChatView.swift */,
				7F148B3627DE0BA000E7D496 /* CommentCell.swift */,
				7FE4BE2E27887CF300D0F4C6 /* FirebaseSampleApp.swift */,
			);
			path = View;
			sourceTree = "<group>";
		};
		7FE4BE64278AC25800D0F4C6 /* Model */ = {
			isa = PBXGroup;
			children = (
				7FE4BE582789E49A00D0F4C6 /* MessageModel.swift */,
				7FE4BE5A2789E59100D0F4C6 /* RoomModel.swift */,
				7F148B3A27DE52CB00E7D496 /* ColorExtention.swift */,
			);
			path = Model;
			sourceTree = "<group>";
		};
		EE3B5906AFF41969BFC95146 /* Pods */ = {
			isa = PBXGroup;
			children = (
				908E911B10B51A7A9BE41100 /* Pods-FirebaseSample.debug.xcconfig */,
				53CCE4C35BCFB2E4E45186F1 /* Pods-FirebaseSample.release.xcconfig */,
			);
			path = Pods;
			sourceTree = "<group>";
		};
/* End PBXGroup section */

/* Begin PBXNativeTarget section */
		7FE4BE2A27887CF300D0F4C6 /* FirebaseSample */ = {
			isa = PBXNativeTarget;
			buildConfigurationList = 7FE4BE3927887CF700D0F4C6 /* Build configuration list for PBXNativeTarget "FirebaseSample" */;
			buildPhases = (
				24403271240D453AB46728F2 /* [CP] Check Pods Manifest.lock */,
				7FE4BE2727887CF300D0F4C6 /* Sources */,
				7FE4BE2827887CF300D0F4C6 /* Frameworks */,
				7FE4BE2927887CF300D0F4C6 /* Resources */,
				71555B60EBB18B7C011E564F /* [CP] Embed Pods Frameworks */,
				598F83424036F5BFEF5B0DF0 /* [CP] Copy Pods Resources */,
			);
			buildRules = (
			);
			dependencies = (
			);
			name = FirebaseSample;
			productName = FirebaseSample;
			productReference = 7FE4BE2B27887CF300D0F4C6 /* FirebaseSample.app */;
			productType = "com.apple.product-type.application";
		};
/* End PBXNativeTarget section */

/* Begin PBXProject section */
		7FE4BE2327887CF300D0F4C6 /* Project object */ = {
			isa = PBXProject;
			attributes = {
				BuildIndependentTargetsInParallel = 1;
				LastSwiftUpdateCheck = 1300;
				LastUpgradeCheck = 1300;
				TargetAttributes = {
					7FE4BE2A27887CF300D0F4C6 = {
						CreatedOnToolsVersion = 13.0;
					};
				};
			};
			buildConfigurationList = 7FE4BE2627887CF300D0F4C6 /* Build configuration list for PBXProject "FirebaseSample" */;
			compatibilityVersion = "Xcode 13.0";
			developmentRegion = en;
			hasScannedForEncodings = 0;
			knownRegions = (
				en,
				Base,
			);
			mainGroup = 7FE4BE2227887CF300D0F4C6;
			productRefGroup = 7FE4BE2C27887CF300D0F4C6 /* Products */;
			projectDirPath = "";
			projectRoot = "";
			targets = (
				7FE4BE2A27887CF300D0F4C6 /* FirebaseSample */,
			);
		};
/* End PBXProject section */

/* Begin PBXResourcesBuildPhase section */
		7FE4BE2927887CF300D0F4C6 /* Resources */ = {
			isa = PBXResourcesBuildPhase;
			buildActionMask = 2147483647;
			files = (
				7FE4BE3627887CF700D0F4C6 /* Preview Assets.xcassets in Resources */,
				7FE4BE3327887CF700D0F4C6 /* Assets.xcassets in Resources */,
				7FE4BE3D27887DD600D0F4C6 /* GoogleService-Info.plist in Resources */,
			);
			runOnlyForDeploymentPostprocessing = 0;
		};
/* End PBXResourcesBuildPhase section */

/* Begin PBXShellScriptBuildPhase section */
		24403271240D453AB46728F2 /* [CP] Check Pods Manifest.lock */ = {
			isa = PBXShellScriptBuildPhase;
			buildActionMask = 2147483647;
			files = (
			);
			inputFileListPaths = (
			);
			inputPaths = (
				"${PODS_PODFILE_DIR_PATH}/Podfile.lock",
				"${PODS_ROOT}/Manifest.lock",
			);
			name = "[CP] Check Pods Manifest.lock";
			outputFileListPaths = (
			);
			outputPaths = (
				"$(DERIVED_FILE_DIR)/Pods-FirebaseSample-checkManifestLockResult.txt",
			);
			runOnlyForDeploymentPostprocessing = 0;
			shellPath = /bin/sh;
			shellScript = "diff \"${PODS_PODFILE_DIR_PATH}/Podfile.lock\" \"${PODS_ROOT}/Manifest.lock\" > /dev/null\nif [ $? != 0 ] ; then\n    # print error to STDERR\n    echo \"error: The sandbox is not in sync with the Podfile.lock. Run 'pod install' or update your CocoaPods installation.\" >&2\n    exit 1\nfi\n# This output is used by Xcode 'outputs' to avoid re-running this script phase.\necho \"SUCCESS\" > \"${SCRIPT_OUTPUT_FILE_0}\"\n";
			showEnvVarsInLog = 0;
		};
		598F83424036F5BFEF5B0DF0 /* [CP] Copy Pods Resources */ = {
			isa = PBXShellScriptBuildPhase;
			buildActionMask = 2147483647;
			files = (
			);
			inputFileListPaths = (
				"${PODS_ROOT}/Target Support Files/Pods-FirebaseSample/Pods-FirebaseSample-resources-${CONFIGURATION}-input-files.xcfilelist",
			);
			name = "[CP] Copy Pods Resources";
			outputFileListPaths = (
				"${PODS_ROOT}/Target Support Files/Pods-FirebaseSample/Pods-FirebaseSample-resources-${CONFIGURATION}-output-files.xcfilelist",
			);
			runOnlyForDeploymentPostprocessing = 0;
			shellPath = /bin/sh;
			shellScript = "\"${PODS_ROOT}/Target Support Files/Pods-FirebaseSample/Pods-FirebaseSample-resources.sh\"\n";
			showEnvVarsInLog = 0;
		};
		71555B60EBB18B7C011E564F /* [CP] Embed Pods Frameworks */ = {
			isa = PBXShellScriptBuildPhase;
			buildActionMask = 2147483647;
			files = (
			);
			inputFileListPaths = (
				"${PODS_ROOT}/Target Support Files/Pods-FirebaseSample/Pods-FirebaseSample-frameworks-${CONFIGURATION}-input-files.xcfilelist",
			);
			name = "[CP] Embed Pods Frameworks";
			outputFileListPaths = (
				"${PODS_ROOT}/Target Support Files/Pods-FirebaseSample/Pods-FirebaseSample-frameworks-${CONFIGURATION}-output-files.xcfilelist",
			);
			runOnlyForDeploymentPostprocessing = 0;
			shellPath = /bin/sh;
			shellScript = "\"${PODS_ROOT}/Target Support Files/Pods-FirebaseSample/Pods-FirebaseSample-frameworks.sh\"\n";
			showEnvVarsInLog = 0;
		};
/* End PBXShellScriptBuildPhase section */

/* Begin PBXSourcesBuildPhase section */
		7FE4BE2727887CF300D0F4C6 /* Sources */ = {
			isa = PBXSourcesBuildPhase;
			buildActionMask = 2147483647;
			files = (
				7FE4BE5B2789E59100D0F4C6 /* RoomModel.swift in Sources */,
				7FE4BE3127887CF300D0F4C6 /* ContentView.swift in Sources */,
				7FE4BE592789E49A00D0F4C6 /* MessageModel.swift in Sources */,
				7F148B3927DE1FBA00E7D496 /* RoomCell.swift in Sources */,
				7F148B3B27DE52CB00E7D496 /* ColorExtention.swift in Sources */,
				7FE4BE2F27887CF300D0F4C6 /* FirebaseSampleApp.swift in Sources */,
				7F8EFAFF279457E9008F1D6F /* ChatView.swift in Sources */,
				7F148B3727DE0BA000E7D496 /* CommentCell.swift in Sources */,
			);
			runOnlyForDeploymentPostprocessing = 0;
		};
/* End PBXSourcesBuildPhase section */

/* Begin XCBuildConfiguration section */
		7FE4BE3727887CF700D0F4C6 /* Debug */ = {
			isa = XCBuildConfiguration;
			buildSettings = {
				ALWAYS_SEARCH_USER_PATHS = NO;
				CLANG_ANALYZER_NONNULL = YES;
				CLANG_ANALYZER_NUMBER_OBJECT_CONVERSION = YES_AGGRESSIVE;
				CLANG_CXX_LANGUAGE_STANDARD = "gnu++17";
				CLANG_CXX_LIBRARY = "libc++";
				CLANG_ENABLE_MODULES = YES;
				CLANG_ENABLE_OBJC_ARC = YES;
				CLANG_ENABLE_OBJC_WEAK = YES;
				CLANG_WARN_BLOCK_CAPTURE_AUTORELEASING = YES;
				CLANG_WARN_BOOL_CONVERSION = YES;
				CLANG_WARN_COMMA = YES;
				CLANG_WARN_CONSTANT_CONVERSION = YES;
				CLANG_WARN_DEPRECATED_OBJC_IMPLEMENTATIONS = YES;
				CLANG_WARN_DIRECT_OBJC_ISA_USAGE = YES_ERROR;
				CLANG_WARN_DOCUMENTATION_COMMENTS = YES;
				CLANG_WARN_EMPTY_BODY = YES;
				CLANG_WARN_ENUM_CONVERSION = YES;
				CLANG_WARN_INFINITE_RECURSION = YES;
				CLANG_WARN_INT_CONVERSION = YES;
				CLANG_WARN_NON_LITERAL_NULL_CONVERSION = YES;
				CLANG_WARN_OBJC_IMPLICIT_RETAIN_SELF = YES;
				CLANG_WARN_OBJC_LITERAL_CONVERSION = YES;
				CLANG_WARN_OBJC_ROOT_CLASS = YES_ERROR;
				CLANG_WARN_QUOTED_INCLUDE_IN_FRAMEWORK_HEADER = YES;
				CLANG_WARN_RANGE_LOOP_ANALYSIS = YES;
				CLANG_WARN_STRICT_PROTOTYPES = YES;
				CLANG_WARN_SUSPICIOUS_MOVE = YES;
				CLANG_WARN_UNGUARDED_AVAILABILITY = YES_AGGRESSIVE;
				CLANG_WARN_UNREACHABLE_CODE = YES;
				CLANG_WARN__DUPLICATE_METHOD_MATCH = YES;
				COPY_PHASE_STRIP = NO;
				DEBUG_INFORMATION_FORMAT = dwarf;
				ENABLE_STRICT_OBJC_MSGSEND = YES;
				ENABLE_TESTABILITY = YES;
				GCC_C_LANGUAGE_STANDARD = gnu11;
				GCC_DYNAMIC_NO_PIC = NO;
				GCC_NO_COMMON_BLOCKS = YES;
				GCC_OPTIMIZATION_LEVEL = 0;
				GCC_PREPROCESSOR_DEFINITIONS = (
					"DEBUG=1",
					"$(inherited)",
				);
				GCC_WARN_64_TO_32_BIT_CONVERSION = YES;
				GCC_WARN_ABOUT_RETURN_TYPE = YES_ERROR;
				GCC_WARN_UNDECLARED_SELECTOR = YES;
				GCC_WARN_UNINITIALIZED_AUTOS = YES_AGGRESSIVE;
				GCC_WARN_UNUSED_FUNCTION = YES;
				GCC_WARN_UNUSED_VARIABLE = YES;
				IPHONEOS_DEPLOYMENT_TARGET = 15.0;
				MTL_ENABLE_DEBUG_INFO = INCLUDE_SOURCE;
				MTL_FAST_MATH = YES;
				ONLY_ACTIVE_ARCH = YES;
				SDKROOT = iphoneos;
				SWIFT_ACTIVE_COMPILATION_CONDITIONS = DEBUG;
				SWIFT_OPTIMIZATION_LEVEL = "-Onone";
			};
			name = Debug;
		};
		7FE4BE3827887CF700D0F4C6 /* Release */ = {
			isa = XCBuildConfiguration;
			buildSettings = {
				ALWAYS_SEARCH_USER_PATHS = NO;
				CLANG_ANALYZER_NONNULL = YES;
				CLANG_ANALYZER_NUMBER_OBJECT_CONVERSION = YES_AGGRESSIVE;
				CLANG_CXX_LANGUAGE_STANDARD = "gnu++17";
				CLANG_CXX_LIBRARY = "libc++";
				CLANG_ENABLE_MODULES = YES;
				CLANG_ENABLE_OBJC_ARC = YES;
				CLANG_ENABLE_OBJC_WEAK = YES;
				CLANG_WARN_BLOCK_CAPTURE_AUTORELEASING = YES;
				CLANG_WARN_BOOL_CONVERSION = YES;
				CLANG_WARN_COMMA = YES;
				CLANG_WARN_CONSTANT_CONVERSION = YES;
				CLANG_WARN_DEPRECATED_OBJC_IMPLEMENTATIONS = YES;
				CLANG_WARN_DIRECT_OBJC_ISA_USAGE = YES_ERROR;
				CLANG_WARN_DOCUMENTATION_COMMENTS = YES;
				CLANG_WARN_EMPTY_BODY = YES;
				CLANG_WARN_ENUM_CONVERSION = YES;
				CLANG_WARN_INFINITE_RECURSION = YES;
				CLANG_WARN_INT_CONVERSION = YES;
				CLANG_WARN_NON_LITERAL_NULL_CONVERSION = YES;
				CLANG_WARN_OBJC_IMPLICIT_RETAIN_SELF = YES;
				CLANG_WARN_OBJC_LITERAL_CONVERSION = YES;
				CLANG_WARN_OBJC_ROOT_CLASS = YES_ERROR;
				CLANG_WARN_QUOTED_INCLUDE_IN_FRAMEWORK_HEADER = YES;
				CLANG_WARN_RANGE_LOOP_ANALYSIS = YES;
				CLANG_WARN_STRICT_PROTOTYPES = YES;
				CLANG_WARN_SUSPICIOUS_MOVE = YES;
				CLANG_WARN_UNGUARDED_AVAILABILITY = YES_AGGRESSIVE;
				CLANG_WARN_UNREACHABLE_CODE = YES;
				CLANG_WARN__DUPLICATE_METHOD_MATCH = YES;
				COPY_PHASE_STRIP = NO;
				DEBUG_INFORMATION_FORMAT = "dwarf-with-dsym";
				ENABLE_NS_ASSERTIONS = NO;
				ENABLE_STRICT_OBJC_MSGSEND = YES;
				GCC_C_LANGUAGE_STANDARD = gnu11;
				GCC_NO_COMMON_BLOCKS = YES;
				GCC_WARN_64_TO_32_BIT_CONVERSION = YES;
				GCC_WARN_ABOUT_RETURN_TYPE = YES_ERROR;
				GCC_WARN_UNDECLARED_SELECTOR = YES;
				GCC_WARN_UNINITIALIZED_AUTOS = YES_AGGRESSIVE;
				GCC_WARN_UNUSED_FUNCTION = YES;
				GCC_WARN_UNUSED_VARIABLE = YES;
				IPHONEOS_DEPLOYMENT_TARGET = 15.0;
				MTL_ENABLE_DEBUG_INFO = NO;
				MTL_FAST_MATH = YES;
				SDKROOT = iphoneos;
				SWIFT_COMPILATION_MODE = wholemodule;
				SWIFT_OPTIMIZATION_LEVEL = "-O";
				VALIDATE_PRODUCT = YES;
			};
			name = Release;
		};
		7FE4BE3A27887CF700D0F4C6 /* Debug */ = {
			isa = XCBuildConfiguration;
			baseConfigurationReference = 908E911B10B51A7A9BE41100 /* Pods-FirebaseSample.debug.xcconfig */;
			buildSettings = {
				ASSETCATALOG_COMPILER_APPICON_NAME = AppIcon;
				ASSETCATALOG_COMPILER_GLOBAL_ACCENT_COLOR_NAME = AccentColor;
				CODE_SIGN_STYLE = Automatic;
				CURRENT_PROJECT_VERSION = 1;
				DEVELOPMENT_ASSET_PATHS = "\"FirebaseSample/Preview Content\"";
				DEVELOPMENT_TEAM = GF6F9Y8VM7;
				ENABLE_PREVIEWS = YES;
				GENERATE_INFOPLIST_FILE = YES;
				INFOPLIST_KEY_UIApplicationSceneManifest_Generation = YES;
				INFOPLIST_KEY_UIApplicationSupportsIndirectInputEvents = YES;
				INFOPLIST_KEY_UILaunchScreen_Generation = YES;
				INFOPLIST_KEY_UISupportedInterfaceOrientations_iPad = "UIInterfaceOrientationPortrait UIInterfaceOrientationPortraitUpsideDown UIInterfaceOrientationLandscapeLeft UIInterfaceOrientationLandscapeRight";
				INFOPLIST_KEY_UISupportedInterfaceOrientations_iPhone = "UIInterfaceOrientationPortrait UIInterfaceOrientationLandscapeLeft UIInterfaceOrientationLandscapeRight";
				IPHONEOS_DEPLOYMENT_TARGET = 14.0;
				LD_RUNPATH_SEARCH_PATHS = (
					"$(inherited)",
					"@executable_path/Frameworks",
				);
				MARKETING_VERSION = 1.0;
				PRODUCT_BUNDLE_IDENTIFIER = ac.jec.cm.0119.FirebaseSample;
				PRODUCT_NAME = "$(TARGET_NAME)";
				SWIFT_EMIT_LOC_STRINGS = YES;
				SWIFT_VERSION = 5.0;
				TARGETED_DEVICE_FAMILY = "1,2";
			};
			name = Debug;
		};
		7FE4BE3B27887CF700D0F4C6 /* Release */ = {
			isa = XCBuildConfiguration;
			baseConfigurationReference = 53CCE4C35BCFB2E4E45186F1 /* Pods-FirebaseSample.release.xcconfig */;
			buildSettings = {
				ASSETCATALOG_COMPILER_APPICON_NAME = AppIcon;
				ASSETCATALOG_COMPILER_GLOBAL_ACCENT_COLOR_NAME = AccentColor;
				CODE_SIGN_STYLE = Automatic;
				CURRENT_PROJECT_VERSION = 1;
				DEVELOPMENT_ASSET_PATHS = "\"FirebaseSample/Preview Content\"";
				DEVELOPMENT_TEAM = GF6F9Y8VM7;
				ENABLE_PREVIEWS = YES;
				GENERATE_INFOPLIST_FILE = YES;
				INFOPLIST_KEY_UIApplicationSceneManifest_Generation = YES;
				INFOPLIST_KEY_UIApplicationSupportsIndirectInputEvents = YES;
				INFOPLIST_KEY_UILaunchScreen_Generation = YES;
				INFOPLIST_KEY_UISupportedInterfaceOrientations_iPad = "UIInterfaceOrientationPortrait UIInterfaceOrientationPortraitUpsideDown UIInterfaceOrientationLandscapeLeft UIInterfaceOrientationLandscapeRight";
				INFOPLIST_KEY_UISupportedInterfaceOrientations_iPhone = "UIInterfaceOrientationPortrait UIInterfaceOrientationLandscapeLeft UIInterfaceOrientationLandscapeRight";
				IPHONEOS_DEPLOYMENT_TARGET = 14.0;
				LD_RUNPATH_SEARCH_PATHS = (
					"$(inherited)",
					"@executable_path/Frameworks",
				);
				MARKETING_VERSION = 1.0;
				PRODUCT_BUNDLE_IDENTIFIER = ac.jec.cm.0119.FirebaseSample;
				PRODUCT_NAME = "$(TARGET_NAME)";
				SWIFT_EMIT_LOC_STRINGS = YES;
				SWIFT_VERSION = 5.0;
				TARGETED_DEVICE_FAMILY = "1,2";
			};
			name = Release;
		};
/* End XCBuildConfiguration section */

/* Begin XCConfigurationList section */
		7FE4BE2627887CF300D0F4C6 /* Build configuration list for PBXProject "FirebaseSample" */ = {
			isa = XCConfigurationList;
			buildConfigurations = (
				7FE4BE3727887CF700D0F4C6 /* Debug */,
				7FE4BE3827887CF700D0F4C6 /* Release */,
			);
			defaultConfigurationIsVisible = 0;
			defaultConfigurationName = Release;
		};
		7FE4BE3927887CF700D0F4C6 /* Build configuration list for PBXNativeTarget "FirebaseSample" */ = {
			isa = XCConfigurationList;
			buildConfigurations = (
				7FE4BE3A27887CF700D0F4C6 /* Debug */,
				7FE4BE3B27887CF700D0F4C6 /* Release */,
			);
			defaultConfigurationIsVisible = 0;
			defaultConfigurationName = Release;
		};
/* End XCConfigurationList section */
	};
	rootObject = 7FE4BE2327887CF300D0F4C6 /* Project object */;
}
